// !$*UTF8*$!
{
	archiveVersion = 1;
	classes = {
	};
	objectVersion = 46;
	objects = {

/* Begin PBXBuildFile section */
		E32BA89D16E5556F00E5DB20 /* UIKit.framework in Frameworks */ = {isa = PBXBuildFile; fileRef = E32BA89C16E5556F00E5DB20 /* UIKit.framework */; };
		E32BA89F16E5556F00E5DB20 /* Foundation.framework in Frameworks */ = {isa = PBXBuildFile; fileRef = E32BA89E16E5556F00E5DB20 /* Foundation.framework */; };
		E32BA8A116E5556F00E5DB20 /* CoreGraphics.framework in Frameworks */ = {isa = PBXBuildFile; fileRef = E32BA8A016E5556F00E5DB20 /* CoreGraphics.framework */; };
		E32BA8A716E5556F00E5DB20 /* InfoPlist.strings in Resources */ = {isa = PBXBuildFile; fileRef = E32BA8A516E5556F00E5DB20 /* InfoPlist.strings */; };
		E32BA8A916E5556F00E5DB20 /* main.m in Sources */ = {isa = PBXBuildFile; fileRef = E32BA8A816E5556F00E5DB20 /* main.m */; };
		E32BA8AD16E5556F00E5DB20 /* SCAppDelegate.m in Sources */ = {isa = PBXBuildFile; fileRef = E32BA8AC16E5556F00E5DB20 /* SCAppDelegate.m */; };
		E32BA8AF16E5556F00E5DB20 /* Default.png in Resources */ = {isa = PBXBuildFile; fileRef = E32BA8AE16E5556F00E5DB20 /* Default.png */; };
		E32BA8B116E5556F00E5DB20 /* Default@2x.png in Resources */ = {isa = PBXBuildFile; fileRef = E32BA8B016E5556F00E5DB20 /* Default@2x.png */; };
		E32BA8B316E5556F00E5DB20 /* Default-568h@2x.png in Resources */ = {isa = PBXBuildFile; fileRef = E32BA8B216E5556F00E5DB20 /* Default-568h@2x.png */; };
		E32BA8B616E5556F00E5DB20 /* SCViewController.m in Sources */ = {isa = PBXBuildFile; fileRef = E32BA8B516E5556F00E5DB20 /* SCViewController.m */; };
		E32BA8B916E5556F00E5DB20 /* SCViewController.xib in Resources */ = {isa = PBXBuildFile; fileRef = E32BA8B716E5556F00E5DB20 /* SCViewController.xib */; };
		E32BA8C016E555D100E5DB20 /* FacebookSDK.framework in Frameworks */ = {isa = PBXBuildFile; fileRef = E32BA8BF16E555D100E5DB20 /* FacebookSDK.framework */; };
		E32BA8C216E555F500E5DB20 /* FacebookSDKResources.bundle in Resources */ = {isa = PBXBuildFile; fileRef = E32BA8C116E555F500E5DB20 /* FacebookSDKResources.bundle */; };
		E32BA8C416E5564A00E5DB20 /* AdSupport.framework in Frameworks */ = {isa = PBXBuildFile; fileRef = E32BA8C316E5564A00E5DB20 /* AdSupport.framework */; };
		E32BA8C616E5565100E5DB20 /* Social.framework in Frameworks */ = {isa = PBXBuildFile; fileRef = E32BA8C516E5565100E5DB20 /* Social.framework */; };
		E32BA8C816E5565D00E5DB20 /* Accounts.framework in Frameworks */ = {isa = PBXBuildFile; fileRef = E32BA8C716E5565D00E5DB20 /* Accounts.framework */; };
		E32BA8CC16E5586200E5DB20 /* SCLoginViewController.m in Sources */ = {isa = PBXBuildFile; fileRef = E32BA8CA16E5586200E5DB20 /* SCLoginViewController.m */; };
		E32BA8CD16E5586200E5DB20 /* SCLoginViewController.xib in Resources */ = {isa = PBXBuildFile; fileRef = E32BA8CB16E5586200E5DB20 /* SCLoginViewController.xib */; };
/* End PBXBuildFile section */

/* Begin PBXFileReference section */
		E32BA89916E5556F00E5DB20 /* Where2Meet.app */ = {isa = PBXFileReference; explicitFileType = wrapper.application; includeInIndex = 0; path = Where2Meet.app; sourceTree = BUILT_PRODUCTS_DIR; };
		E32BA89C16E5556F00E5DB20 /* UIKit.framework */ = {isa = PBXFileReference; lastKnownFileType = wrapper.framework; name = UIKit.framework; path = System/Library/Frameworks/UIKit.framework; sourceTree = SDKROOT; };
		E32BA89E16E5556F00E5DB20 /* Foundation.framework */ = {isa = PBXFileReference; lastKnownFileType = wrapper.framework; name = Foundation.framework; path = System/Library/Frameworks/Foundation.framework; sourceTree = SDKROOT; };
		E32BA8A016E5556F00E5DB20 /* CoreGraphics.framework */ = {isa = PBXFileReference; lastKnownFileType = wrapper.framework; name = CoreGraphics.framework; path = System/Library/Frameworks/CoreGraphics.framework; sourceTree = SDKROOT; };
		E32BA8A416E5556F00E5DB20 /* Where2Meet-Info.plist */ = {isa = PBXFileReference; lastKnownFileType = text.plist.xml; path = "Where2Meet-Info.plist"; sourceTree = "<group>"; };
		E32BA8A616E5556F00E5DB20 /* en */ = {isa = PBXFileReference; lastKnownFileType = text.plist.strings; name = en; path = en.lproj/InfoPlist.strings; sourceTree = "<group>"; };
		E32BA8A816E5556F00E5DB20 /* main.m */ = {isa = PBXFileReference; lastKnownFileType = sourcecode.c.objc; path = main.m; sourceTree = "<group>"; };
		E32BA8AA16E5556F00E5DB20 /* Where2Meet-Prefix.pch */ = {isa = PBXFileReference; lastKnownFileType = sourcecode.c.h; path = "Where2Meet-Prefix.pch"; sourceTree = "<group>"; };
		E32BA8AB16E5556F00E5DB20 /* SCAppDelegate.h */ = {isa = PBXFileReference; lastKnownFileType = sourcecode.c.h; path = SCAppDelegate.h; sourceTree = "<group>"; };
		E32BA8AC16E5556F00E5DB20 /* SCAppDelegate.m */ = {isa = PBXFileReference; lastKnownFileType = sourcecode.c.objc; path = SCAppDelegate.m; sourceTree = "<group>"; };
		E32BA8AE16E5556F00E5DB20 /* Default.png */ = {isa = PBXFileReference; lastKnownFileType = image.png; path = Default.png; sourceTree = "<group>"; };
		E32BA8B016E5556F00E5DB20 /* Default@2x.png */ = {isa = PBXFileReference; lastKnownFileType = image.png; path = "Default@2x.png"; sourceTree = "<group>"; };
		E32BA8B216E5556F00E5DB20 /* Default-568h@2x.png */ = {isa = PBXFileReference; lastKnownFileType = image.png; path = "Default-568h@2x.png"; sourceTree = "<group>"; };
		E32BA8B416E5556F00E5DB20 /* SCViewController.h */ = {isa = PBXFileReference; lastKnownFileType = sourcecode.c.h; path = SCViewController.h; sourceTree = "<group>"; };
		E32BA8B516E5556F00E5DB20 /* SCViewController.m */ = {isa = PBXFileReference; lastKnownFileType = sourcecode.c.objc; path = SCViewController.m; sourceTree = "<group>"; };
		E32BA8B816E5556F00E5DB20 /* en */ = {isa = PBXFileReference; lastKnownFileType = file.xib; name = en; path = en.lproj/SCViewController.xib; sourceTree = "<group>"; };
		E32BA8BF16E555D100E5DB20 /* FacebookSDK.framework */ = {isa = PBXFileReference; lastKnownFileType = wrapper.framework; path = FacebookSDK.framework; sourceTree = "<group>"; };
		E32BA8C116E555F500E5DB20 /* FacebookSDKResources.bundle */ = {isa = PBXFileReference; lastKnownFileType = "wrapper.plug-in"; path = FacebookSDKResources.bundle; sourceTree = "<group>"; };
		E32BA8C316E5564A00E5DB20 /* AdSupport.framework */ = {isa = PBXFileReference; lastKnownFileType = wrapper.framework; name = AdSupport.framework; path = System/Library/Frameworks/AdSupport.framework; sourceTree = SDKROOT; };
		E32BA8C516E5565100E5DB20 /* Social.framework */ = {isa = PBXFileReference; lastKnownFileType = wrapper.framework; name = Social.framework; path = System/Library/Frameworks/Social.framework; sourceTree = SDKROOT; };
		E32BA8C716E5565D00E5DB20 /* Accounts.framework */ = {isa = PBXFileReference; lastKnownFileType = wrapper.framework; name = Accounts.framework; path = System/Library/Frameworks/Accounts.framework; sourceTree = SDKROOT; };
		E32BA8C916E5586200E5DB20 /* SCLoginViewController.h */ = {isa = PBXFileReference; fileEncoding = 4; lastKnownFileType = sourcecode.c.h; path = SCLoginViewController.h; sourceTree = "<group>"; };
		E32BA8CA16E5586200E5DB20 /* SCLoginViewController.m */ = {isa = PBXFileReference; fileEncoding = 4; lastKnownFileType = sourcecode.c.objc; path = SCLoginViewController.m; sourceTree = "<group>"; };
		E32BA8CB16E5586200E5DB20 /* SCLoginViewController.xib */ = {isa = PBXFileReference; fileEncoding = 4; lastKnownFileType = file.xib; path = SCLoginViewController.xib; sourceTree = "<group>"; };
/* End PBXFileReference section */

/* Begin PBXFrameworksBuildPhase section */
		E32BA89616E5556F00E5DB20 /* Frameworks */ = {
			isa = PBXFrameworksBuildPhase;
			buildActionMask = 2147483647;
			files = (
				E32BA8C816E5565D00E5DB20 /* Accounts.framework in Frameworks */,
				E32BA8C616E5565100E5DB20 /* Social.framework in Frameworks */,
				E32BA8C416E5564A00E5DB20 /* AdSupport.framework in Frameworks */,
				E32BA89D16E5556F00E5DB20 /* UIKit.framework in Frameworks */,
				E32BA89F16E5556F00E5DB20 /* Foundation.framework in Frameworks */,
				E32BA8A116E5556F00E5DB20 /* CoreGraphics.framework in Frameworks */,
				E32BA8C016E555D100E5DB20 /* FacebookSDK.framework in Frameworks */,
			);
			runOnlyForDeploymentPostprocessing = 0;
		};
/* End PBXFrameworksBuildPhase section */

/* Begin PBXGroup section */
		E32BA89016E5556F00E5DB20 = {
			isa = PBXGroup;
			children = (
				E32BA8A216E5556F00E5DB20 /* Where2Meet */,
				E32BA89B16E5556F00E5DB20 /* Frameworks */,
				E32BA89A16E5556F00E5DB20 /* Products */,
			);
			sourceTree = "<group>";
		};
		E32BA89A16E5556F00E5DB20 /* Products */ = {
			isa = PBXGroup;
			children = (
				E32BA89916E5556F00E5DB20 /* Where2Meet.app */,
			);
			name = Products;
			sourceTree = "<group>";
		};
		E32BA89B16E5556F00E5DB20 /* Frameworks */ = {
			isa = PBXGroup;
			children = (
				E32BA8C716E5565D00E5DB20 /* Accounts.framework */,
				E32BA8C516E5565100E5DB20 /* Social.framework */,
				E32BA8C316E5564A00E5DB20 /* AdSupport.framework */,
				E32BA8C116E555F500E5DB20 /* FacebookSDKResources.bundle */,
				E32BA8BF16E555D100E5DB20 /* FacebookSDK.framework */,
				E32BA89C16E5556F00E5DB20 /* UIKit.framework */,
				E32BA89E16E5556F00E5DB20 /* Foundation.framework */,
				E32BA8A016E5556F00E5DB20 /* CoreGraphics.framework */,
			);
			name = Frameworks;
			sourceTree = "<group>";
		};
		E32BA8A216E5556F00E5DB20 /* Where2Meet */ = {
			isa = PBXGroup;
			children = (
				E32BA8AB16E5556F00E5DB20 /* SCAppDelegate.h */,
				E32BA8AC16E5556F00E5DB20 /* SCAppDelegate.m */,
				E32BA8C916E5586200E5DB20 /* SCLoginViewController.h */,
				E32BA8CA16E5586200E5DB20 /* SCLoginViewController.m */,
				E32BA8CB16E5586200E5DB20 /* SCLoginViewController.xib */,
				E32BA8B416E5556F00E5DB20 /* SCViewController.h */,
				E32BA8B516E5556F00E5DB20 /* SCViewController.m */,
				E32BA8B716E5556F00E5DB20 /* SCViewController.xib */,
				E32BA8A316E5556F00E5DB20 /* Supporting Files */,
			);
			path = Where2Meet;
			sourceTree = "<group>";
		};
		E32BA8A316E5556F00E5DB20 /* Supporting Files */ = {
			isa = PBXGroup;
			children = (
				E32BA8A416E5556F00E5DB20 /* Where2Meet-Info.plist */,
				E32BA8A516E5556F00E5DB20 /* InfoPlist.strings */,
				E32BA8A816E5556F00E5DB20 /* main.m */,
				E32BA8AA16E5556F00E5DB20 /* Where2Meet-Prefix.pch */,
				E32BA8AE16E5556F00E5DB20 /* Default.png */,
				E32BA8B016E5556F00E5DB20 /* Default@2x.png */,
				E32BA8B216E5556F00E5DB20 /* Default-568h@2x.png */,
			);
			name = "Supporting Files";
			sourceTree = "<group>";
		};
/* End PBXGroup section */

/* Begin PBXNativeTarget section */
		E32BA89816E5556F00E5DB20 /* Where2Meet */ = {
			isa = PBXNativeTarget;
			buildConfigurationList = E32BA8BC16E5556F00E5DB20 /* Build configuration list for PBXNativeTarget "Where2Meet" */;
			buildPhases = (
				E32BA89516E5556F00E5DB20 /* Sources */,
				E32BA89616E5556F00E5DB20 /* Frameworks */,
				E32BA89716E5556F00E5DB20 /* Resources */,
			);
			buildRules = (
			);
			dependencies = (
			);
			name = Where2Meet;
			productName = Where2Meet;
			productReference = E32BA89916E5556F00E5DB20 /* Where2Meet.app */;
			productType = "com.apple.product-type.application";
		};
/* End PBXNativeTarget section */

/* Begin PBXProject section */
		E32BA89116E5556F00E5DB20 /* Project object */ = {
			isa = PBXProject;
			attributes = {
				CLASSPREFIX = SC;
				LastUpgradeCheck = 0460;
				ORGANIZATIONNAME = "University of Minnesota";
			};
			buildConfigurationList = E32BA89416E5556F00E5DB20 /* Build configuration list for PBXProject "Where2Meet" */;
			compatibilityVersion = "Xcode 3.2";
			developmentRegion = English;
			hasScannedForEncodings = 0;
			knownRegions = (
				en,
			);
			mainGroup = E32BA89016E5556F00E5DB20;
			productRefGroup = E32BA89A16E5556F00E5DB20 /* Products */;
			projectDirPath = "";
			projectRoot = "";
			targets = (
				E32BA89816E5556F00E5DB20 /* Where2Meet */,
			);
		};
/* End PBXProject section */

/* Begin PBXResourcesBuildPhase section */
		E32BA89716E5556F00E5DB20 /* Resources */ = {
			isa = PBXResourcesBuildPhase;
			buildActionMask = 2147483647;
			files = (
				E32BA8A716E5556F00E5DB20 /* InfoPlist.strings in Resources */,
				E32BA8AF16E5556F00E5DB20 /* Default.png in Resources */,
				E32BA8B116E5556F00E5DB20 /* Default@2x.png in Resources */,
				E32BA8B316E5556F00E5DB20 /* Default-568h@2x.png in Resources */,
				E32BA8B916E5556F00E5DB20 /* SCViewController.xib in Resources */,
				E32BA8C216E555F500E5DB20 /* FacebookSDKResources.bundle in Resources */,
				E32BA8CD16E5586200E5DB20 /* SCLoginViewController.xib in Resources */,
			);
			runOnlyForDeploymentPostprocessing = 0;
		};
/* End PBXResourcesBuildPhase section */

/* Begin PBXSourcesBuildPhase section */
		E32BA89516E5556F00E5DB20 /* Sources */ = {
			isa = PBXSourcesBuildPhase;
			buildActionMask = 2147483647;
			files = (
				E32BA8A916E5556F00E5DB20 /* main.m in Sources */,
				E32BA8AD16E5556F00E5DB20 /* SCAppDelegate.m in Sources */,
				E32BA8B616E5556F00E5DB20 /* SCViewController.m in Sources */,
				E32BA8CC16E5586200E5DB20 /* SCLoginViewController.m in Sources */,
			);
			runOnlyForDeploymentPostprocessing = 0;
		};
/* End PBXSourcesBuildPhase section */

/* Begin PBXVariantGroup section */
		E32BA8A516E5556F00E5DB20 /* InfoPlist.strings */ = {
			isa = PBXVariantGroup;
			children = (
				E32BA8A616E5556F00E5DB20 /* en */,
			);
			name = InfoPlist.strings;
			sourceTree = "<group>";
		};
		E32BA8B716E5556F00E5DB20 /* SCViewController.xib */ = {
			isa = PBXVariantGroup;
			children = (
				E32BA8B816E5556F00E5DB20 /* en */,
			);
			name = SCViewController.xib;
			sourceTree = "<group>";
		};
/* End PBXVariantGroup section */

/* Begin XCBuildConfiguration section */
		E32BA8BA16E5556F00E5DB20 /* Debug */ = {
			isa = XCBuildConfiguration;
			buildSettings = {
				ALWAYS_SEARCH_USER_PATHS = NO;
				CLANG_CXX_LANGUAGE_STANDARD = "gnu++0x";
				CLANG_CXX_LIBRARY = "libc++";
				CLANG_ENABLE_OBJC_ARC = YES;
				CLANG_WARN_CONSTANT_CONVERSION = YES;
				CLANG_WARN_EMPTY_BODY = YES;
				CLANG_WARN_ENUM_CONVERSION = YES;
				CLANG_WARN_INT_CONVERSION = YES;
				CLANG_WARN__DUPLICATE_METHOD_MATCH = YES;
				"CODE_SIGN_IDENTITY[sdk=iphoneos*]" = "iPhone Developer";
				COPY_PHASE_STRIP = NO;
				GCC_C_LANGUAGE_STANDARD = gnu99;
				GCC_DYNAMIC_NO_PIC = NO;
				GCC_OPTIMIZATION_LEVEL = 0;
				GCC_PREPROCESSOR_DEFINITIONS = (
					"DEBUG=1",
					"$(inherited)",
				);
				GCC_SYMBOLS_PRIVATE_EXTERN = NO;
				GCC_WARN_ABOUT_RETURN_TYPE = YES;
				GCC_WARN_UNINITIALIZED_AUTOS = YES;
				GCC_WARN_UNUSED_VARIABLE = YES;
				IPHONEOS_DEPLOYMENT_TARGET = 6.1;
				ONLY_ACTIVE_ARCH = YES;
				SDKROOT = iphoneos;
			};
			name = Debug;
		};
		E32BA8BB16E5556F00E5DB20 /* Release */ = {
			isa = XCBuildConfiguration;
			buildSettings = {
				ALWAYS_SEARCH_USER_PATHS = NO;
				CLANG_CXX_LANGUAGE_STANDARD = "gnu++0x";
				CLANG_CXX_LIBRARY = "libc++";
				CLANG_ENABLE_OBJC_ARC = YES;
				CLANG_WARN_CONSTANT_CONVERSION = YES;
				CLANG_WARN_EMPTY_BODY = YES;
				CLANG_WARN_ENUM_CONVERSION = YES;
				CLANG_WARN_INT_CONVERSION = YES;
				CLANG_WARN__DUPLICATE_METHOD_MATCH = YES;
				"CODE_SIGN_IDENTITY[sdk=iphoneos*]" = "iPhone Developer";
				COPY_PHASE_STRIP = YES;
				GCC_C_LANGUAGE_STANDARD = gnu99;
				GCC_WARN_ABOUT_RETURN_TYPE = YES;
				GCC_WARN_UNINITIALIZED_AUTOS = YES;
				GCC_WARN_UNUSED_VARIABLE = YES;
				IPHONEOS_DEPLOYMENT_TARGET = 6.1;
				OTHER_CFLAGS = "-DNS_BLOCK_ASSERTIONS=1";
				SDKROOT = iphoneos;
				VALIDATE_PRODUCT = YES;
			};
			name = Release;
		};
		E32BA8BD16E5556F00E5DB20 /* Debug */ = {
			isa = XCBuildConfiguration;
			buildSettings = {
				FRAMEWORK_SEARCH_PATHS = (
					"$(inherited)",
					"\"$(SRCROOT)\"",
				);
				GCC_PRECOMPILE_PREFIX_HEADER = YES;
				GCC_PREFIX_HEADER = "Where2Meet/Where2Meet-Prefix.pch";
				INFOPLIST_FILE = "Where2Meet/Where2Meet-Info.plist";
				OTHER_LDFLAGS = (
					"-ObjC",
					"-lsqlite3.0",
				);
				PRODUCT_NAME = "$(TARGET_NAME)";
				WRAPPER_EXTENSION = app;
			};
			name = Debug;
		};
		E32BA8BE16E5556F00E5DB20 /* Release */ = {
			isa = XCBuildConfiguration;
			buildSettings = {
				FRAMEWORK_SEARCH_PATHS = (
					"$(inherited)",
					"\"$(SRCROOT)\"",
				);
				GCC_PRECOMPILE_PREFIX_HEADER = YES;
				GCC_PREFIX_HEADER = "Where2Meet/Where2Meet-Prefix.pch";
				INFOPLIST_FILE = "Where2Meet/Where2Meet-Info.plist";
				OTHER_LDFLAGS = (
					"-ObjC",
					"-lsqlite3.0",
				);
				PRODUCT_NAME = "$(TARGET_NAME)";
				WRAPPER_EXTENSION = app;
			};
			name = Release;
		};
/* End XCBuildConfiguration section */

/* Begin XCConfigurationList section */
		E32BA89416E5556F00E5DB20 /* Build configuration list for PBXProject "Where2Meet" */ = {
			isa = XCConfigurationList;
			buildConfigurations = (
				E32BA8BA16E5556F00E5DB20 /* Debug */,
				E32BA8BB16E5556F00E5DB20 /* Release */,
			);
			defaultConfigurationIsVisible = 0;
			defaultConfigurationName = Release;
		};
		E32BA8BC16E5556F00E5DB20 /* Build configuration list for PBXNativeTarget "Where2Meet" */ = {
			isa = XCConfigurationList;
			buildConfigurations = (
				E32BA8BD16E5556F00E5DB20 /* Debug */,
				E32BA8BE16E5556F00E5DB20 /* Release */,
			);
			defaultConfigurationIsVisible = 0;
		};
/* End XCConfigurationList section */
	};
	rootObject = E32BA89116E5556F00E5DB20 /* Project object */;
}
